
Microsoft Visual Studio Solution File, Format Version 10.00
# Visual Studio 2008
Project("{FAE04EC0-301F-11D3-BF4B-00C04F79EFBC}") = "Facturanet.Core", "facturanet.core\Facturanet.Core.csproj", "{2DC4D020-007B-41EC-99B0-8C5EA9FB7AA3}"
EndProject
Project("{FAE04EC0-301F-11D3-BF4B-00C04F79EFBC}") = "Facturanet.PersistenceModule", "Facturanet.PersistenceModule\Facturanet.PersistenceModule.csproj", "{6B6A1166-01BA-40E0-B349-04FC97B9A8A2}"
EndProject
Project("{FAE04EC0-301F-11D3-BF4B-00C04F79EFBC}") = "Facturanet.TestModule", "Facturanet.TestModule\Facturanet.TestModule.csproj", "{3F2CB8F7-2FB7-47C9-A643-DFBF6CFCADE9}"
EndProject
Project("{FAE04EC0-301F-11D3-BF4B-00C04F79EFBC}") = "Facturanet.WinformsClient", "Facturanet.WinformsClient\Facturanet.WinformsClient.csproj", "{730F38C7-A6D1-47C6-A4C7-BC80489DF7B0}"
EndProject
Project("{FAE04EC0-301F-11D3-BF4B-00C04F79EFBC}") = "Facturanet.WebserviceClient", "Facturanet.WebserviceClient\Facturanet.WebserviceClient.csproj", "{AD9375E1-0432-4042-8CED-941F23558D1D}"
EndProject
Project("{FAE04EC0-301F-11D3-BF4B-00C04F79EFBC}") = "Facturanet.WebserviceModule", "Facturanet.WebserviceModule\Facturanet.WebserviceModule.csproj", "{57649907-4B8B-47F8-89E2-B8E7C6255FDB}"
	ProjectSection(ProjectDependencies) = postProject
		{AD9375E1-0432-4042-8CED-941F23558D1D} = {AD9375E1-0432-4042-8CED-941F23558D1D}
	EndProjectSection
EndProject
Project("{FAE04EC0-301F-11D3-BF4B-00C04F79EFBC}") = "Facturanet.DbMigration", "Facturanet.DbMigration\Facturanet.DbMigration.csproj", "{5AEB1D8D-1B55-4348-A52F-53FB4293AECC}"
EndProject
Global
	GlobalSection(SolutionConfigurationPlatforms) = preSolution
		Debug|Any CPU = Debug|Any CPU
		Release|Any CPU = Release|Any CPU
	EndGlobalSection
	GlobalSection(ProjectConfigurationPlatforms) = postSolution
		{2DC4D020-007B-41EC-99B0-8C5EA9FB7AA3}.Debug|Any CPU.ActiveCfg = Debug|Any CPU
		{2DC4D020-007B-41EC-99B0-8C5EA9FB7AA3}.Debug|Any CPU.Build.0 = Debug|Any CPU
		{2DC4D020-007B-41EC-99B0-8C5EA9FB7AA3}.Release|Any CPU.ActiveCfg = Release|Any CPU
		{2DC4D020-007B-41EC-99B0-8C5EA9FB7AA3}.Release|Any CPU.Build.0 = Release|Any CPU
		{6B6A1166-01BA-40E0-B349-04FC97B9A8A2}.Debug|Any CPU.ActiveCfg = Debug|Any CPU
		{6B6A1166-01BA-40E0-B349-04FC97B9A8A2}.Debug|Any CPU.Build.0 = Debug|Any CPU
		{6B6A1166-01BA-40E0-B349-04FC97B9A8A2}.Release|Any CPU.ActiveCfg = Release|Any CPU
		{6B6A1166-01BA-40E0-B349-04FC97B9A8A2}.Release|Any CPU.Build.0 = Release|Any CPU
		{3F2CB8F7-2FB7-47C9-A643-DFBF6CFCADE9}.Debug|Any CPU.ActiveCfg = Debug|Any CPU
		{3F2CB8F7-2FB7-47C9-A643-DFBF6CFCADE9}.Debug|Any CPU.Build.0 = Debug|Any CPU
		{3F2CB8F7-2FB7-47C9-A643-DFBF6CFCADE9}.Release|Any CPU.ActiveCfg = Release|Any CPU
		{3F2CB8F7-2FB7-47C9-A643-DFBF6CFCADE9}.Release|Any CPU.Build.0 = Release|Any CPU
		{730F38C7-A6D1-47C6-A4C7-BC80489DF7B0}.Debug|Any CPU.ActiveCfg = Debug|Any CPU
		{730F38C7-A6D1-47C6-A4C7-BC80489DF7B0}.Debug|Any CPU.Build.0 = Debug|Any CPU
		{730F38C7-A6D1-47C6-A4C7-BC80489DF7B0}.Release|Any CPU.ActiveCfg = Release|Any CPU
		{730F38C7-A6D1-47C6-A4C7-BC80489DF7B0}.Release|Any CPU.Build.0 = Release|Any CPU
		{AD9375E1-0432-4042-8CED-941F23558D1D}.Debug|Any CPU.ActiveCfg = Debug|Any CPU
		{AD9375E1-0432-4042-8CED-941F23558D1D}.Debug|Any CPU.Build.0 = Debug|Any CPU
		{AD9375E1-0432-4042-8CED-941F23558D1D}.Release|Any CPU.ActiveCfg = Release|Any CPU
		{AD9375E1-0432-4042-8CED-941F23558D1D}.Release|Any CPU.Build.0 = Release|Any CPU
		{57649907-4B8B-47F8-89E2-B8E7C6255FDB}.Debug|Any CPU.ActiveCfg = Debug|Any CPU
		{57649907-4B8B-47F8-89E2-B8E7C6255FDB}.Debug|Any CPU.Build.0 = Debug|Any CPU
		{57649907-4B8B-47F8-89E2-B8E7C6255FDB}.Release|Any CPU.ActiveCfg = Release|Any CPU
		{57649907-4B8B-47F8-89E2-B8E7C6255FDB}.Release|Any CPU.Build.0 = Release|Any CPU
		{5AEB1D8D-1B55-4348-A52F-53FB4293AECC}.Debug|Any CPU.ActiveCfg = Debug|Any CPU
		{5AEB1D8D-1B55-4348-A52F-53FB4293AECC}.Debug|Any CPU.Build.0 = Debug|Any CPU
		{5AEB1D8D-1B55-4348-A52F-53FB4293AECC}.Release|Any CPU.ActiveCfg = Release|Any CPU
		{5AEB1D8D-1B55-4348-A52F-53FB4293AECC}.Release|Any CPU.Build.0 = Release|Any CPU
	EndGlobalSection
	GlobalSection(SolutionProperties) = preSolution
		HideSolutionNode = FALSE
	EndGlobalSection
EndGlobal
