
Microsoft Visual Studio Solution File, Format Version 9.00
# Visual Studio 2005
Project("{FAE04EC0-301F-11D3-BF4B-00C04F79EFBC}") = "FacturaNet", "FacturaNet\FacturaNet.csproj", "{33C06F16-3125-4F02-9976-800B8A11D2AA}"
EndProject
Project("{FAE04EC0-301F-11D3-BF4B-00C04F79EFBC}") = "FacturaNet.FnGtk", "FacturaNet.FnGtk\FacturaNet.FnGtk.csproj", "{6FB3350A-21B2-4510-A487-4F5F8F46CE64}"
EndProject
Project("{FAE04EC0-301F-11D3-BF4B-00C04F79EFBC}") = "FacturaNet.FnNegocio", "FacturaNet.FnNegocio\FacturaNet.FnNegocio.csproj", "{00E49B45-7400-46AD-83F8-C78D3D61E803}"
EndProject
Project("{FAE04EC0-301F-11D3-BF4B-00C04F79EFBC}") = "AmUtil", "AmUtil\AmUtil.csproj", "{71AFDFF4-1C03-42A0-A458-DBAA4AD0F738}"
EndProject
Project("{FAE04EC0-301F-11D3-BF4B-00C04F79EFBC}") = "FacturaNet.FnMngr", "FacturaNet.FnMngr\FacturaNet.FnMngr.csproj", "{32F1EFE0-1119-40B1-A7BF-5AE7BE6AF8AA}"
EndProject
Project("{FAE04EC0-301F-11D3-BF4B-00C04F79EFBC}") = "FacturaNet.FnAccesoDb", "FacturaNet.FnAccesoDb\FacturaNet.FnAccesoDb.csproj", "{DE483B57-2A11-41A9-B29E-CC9194D07706}"
EndProject
Global
	GlobalSection(SolutionConfigurationPlatforms) = preSolution
		Debug = Debug
		Release = Release
	EndGlobalSection
	GlobalSection(ProjectConfigurationPlatforms) = postSolution
		{00E49B45-7400-46AD-83F8-C78D3D61E803}.Debug.ActiveCfg = Debug
		{00E49B45-7400-46AD-83F8-C78D3D61E803}.Debug.Build.0 = Debug
		{00E49B45-7400-46AD-83F8-C78D3D61E803}.Release.ActiveCfg = Release
		{00E49B45-7400-46AD-83F8-C78D3D61E803}.Release.Build.0 = Release
		{32F1EFE0-1119-40B1-A7BF-5AE7BE6AF8AA}.Debug.ActiveCfg = Debug
		{32F1EFE0-1119-40B1-A7BF-5AE7BE6AF8AA}.Debug.Build.0 = Debug
		{32F1EFE0-1119-40B1-A7BF-5AE7BE6AF8AA}.Release.ActiveCfg = Release
		{32F1EFE0-1119-40B1-A7BF-5AE7BE6AF8AA}.Release.Build.0 = Release
		{33C06F16-3125-4F02-9976-800B8A11D2AA}.Debug.ActiveCfg = Debug
		{33C06F16-3125-4F02-9976-800B8A11D2AA}.Debug.Build.0 = Debug
		{33C06F16-3125-4F02-9976-800B8A11D2AA}.Release.ActiveCfg = Release
		{33C06F16-3125-4F02-9976-800B8A11D2AA}.Release.Build.0 = Release
		{6FB3350A-21B2-4510-A487-4F5F8F46CE64}.Debug.ActiveCfg = Debug
		{6FB3350A-21B2-4510-A487-4F5F8F46CE64}.Debug.Build.0 = Debug
		{6FB3350A-21B2-4510-A487-4F5F8F46CE64}.Release.ActiveCfg = Release
		{6FB3350A-21B2-4510-A487-4F5F8F46CE64}.Release.Build.0 = Release
		{71AFDFF4-1C03-42A0-A458-DBAA4AD0F738}.Debug.ActiveCfg = Debug
		{71AFDFF4-1C03-42A0-A458-DBAA4AD0F738}.Debug.Build.0 = Debug
		{71AFDFF4-1C03-42A0-A458-DBAA4AD0F738}.Release.ActiveCfg = Release
		{71AFDFF4-1C03-42A0-A458-DBAA4AD0F738}.Release.Build.0 = Release
		{DE483B57-2A11-41A9-B29E-CC9194D07706}.Debug.ActiveCfg = Debug
		{DE483B57-2A11-41A9-B29E-CC9194D07706}.Debug.Build.0 = Debug
		{DE483B57-2A11-41A9-B29E-CC9194D07706}.Release.ActiveCfg = Release
		{DE483B57-2A11-41A9-B29E-CC9194D07706}.Release.Build.0 = Release
	EndGlobalSection
	GlobalSection(NestedProjects) = preSolution
	EndGlobalSection
EndGlobal
